
Microsoft Visual Studio Solution File, Format Version 12.00
# Visual Studio 15
VisualStudioVersion = 15.0.27004.2005
MinimumVisualStudioVersion = 10.0.40219.1
Project("{FAE04EC0-301F-11D3-BF4B-00C04F79EFBC}") = "Thorium.Core.Serializers.FixedWidthSerializer", "Thorium.Core.Serializers.FixedWidthSerializer\Thorium.Core.Serializers.FixedWidthSerializer.csproj", "{1228811B-541F-498A-9821-433365F33475}"
EndProject
Project("{FAE04EC0-301F-11D3-BF4B-00C04F79EFBC}") = "Tests", "Tests\Tests.csproj", "{1B741627-C6B6-4ACD-9A7B-20D119A98060}"
EndProject
Global
	GlobalSection(SolutionConfigurationPlatforms) = preSolution
		Debug|Any CPU = Debug|Any CPU
		Release|Any CPU = Release|Any CPU
	EndGlobalSection
	GlobalSection(ProjectConfigurationPlatforms) = postSolution
		{1228811B-541F-498A-9821-433365F33475}.Debug|Any CPU.ActiveCfg = Debug|Any CPU
		{1228811B-541F-498A-9821-433365F33475}.Debug|Any CPU.Build.0 = Debug|Any CPU
		{1228811B-541F-498A-9821-433365F33475}.Release|Any CPU.ActiveCfg = Release|Any CPU
		{1228811B-541F-498A-9821-433365F33475}.Release|Any CPU.Build.0 = Release|Any CPU
		{1B741627-C6B6-4ACD-9A7B-20D119A98060}.Debug|Any CPU.ActiveCfg = Debug|Any CPU
		{1B741627-C6B6-4ACD-9A7B-20D119A98060}.Debug|Any CPU.Build.0 = Debug|Any CPU
		{1B741627-C6B6-4ACD-9A7B-20D119A98060}.Release|Any CPU.ActiveCfg = Release|Any CPU
		{1B741627-C6B6-4ACD-9A7B-20D119A98060}.Release|Any CPU.Build.0 = Release|Any CPU
	EndGlobalSection
	GlobalSection(SolutionProperties) = preSolution
		HideSolutionNode = FALSE
	EndGlobalSection
	GlobalSection(ExtensibilityGlobals) = postSolution
		SolutionGuid = {E015155D-7944-45A5-903C-B5BDF07353CE}
	EndGlobalSection
EndGlobal
